
Microsoft Visual Studio Solution File, Format Version 12.00
# Visual Studio Version 17
VisualStudioVersion = 17.10.35013.160
MinimumVisualStudioVersion = 10.0.40219.1
Project("{888888A0-9F3D-457C-B088-3A5042F75D52}") = "DigiRecogAI", "DigiRecogAI.pyproj", "{F5159401-CAB7-410A-B44B-DFD148F5B8DF}"
EndProject
Global
	GlobalSection(SolutionConfigurationPlatforms) = preSolution
		Debug|Any CPU = Debug|Any CPU
		Release|Any CPU = Release|Any CPU
	EndGlobalSection
	GlobalSection(ProjectConfigurationPlatforms) = postSolution
		{F5159401-CAB7-410A-B44B-DFD148F5B8DF}.Debug|Any CPU.ActiveCfg = Debug|Any CPU
		{F5159401-CAB7-410A-B44B-DFD148F5B8DF}.Release|Any CPU.ActiveCfg = Release|Any CPU
	EndGlobalSection
	GlobalSection(SolutionProperties) = preSolution
		HideSolutionNode = FALSE
	EndGlobalSection
	GlobalSection(ExtensibilityGlobals) = postSolution
		SolutionGuid = {F92F6927-1DCA-4BED-ADED-7EE84FA2446D}
	EndGlobalSection
EndGlobal
